
Microsoft Visual Studio Solution File, Format Version 12.00
# Visual Studio Version 17
VisualStudioVersion = 17.4.33213.308
MinimumVisualStudioVersion = 10.0.40219.1
Project("{9A19103F-16F7-4668-BE54-9A1E7A4F7556}") = "FirstMVCApp", "FirstMVCApp\FirstMVCApp.csproj", "{2B26D442-A711-46D9-982F-0FBF6266DE14}"
EndProject
Project("{FAE04EC0-301F-11D3-BF4B-00C04F79EFBC}") = "FirstMVCApp.Tests", "FirstMVCApp.Tests\FirstMVCApp.Tests.csproj", "{D1D25C7E-0C49-4231-82DA-D6F626EBA632}"
EndProject
Global
	GlobalSection(SolutionConfigurationPlatforms) = preSolution
		Debug|Any CPU = Debug|Any CPU
		Release|Any CPU = Release|Any CPU
	EndGlobalSection
	GlobalSection(ProjectConfigurationPlatforms) = postSolution
		{2B26D442-A711-46D9-982F-0FBF6266DE14}.Debug|Any CPU.ActiveCfg = Debug|Any CPU
		{2B26D442-A711-46D9-982F-0FBF6266DE14}.Debug|Any CPU.Build.0 = Debug|Any CPU
		{2B26D442-A711-46D9-982F-0FBF6266DE14}.Release|Any CPU.ActiveCfg = Release|Any CPU
		{2B26D442-A711-46D9-982F-0FBF6266DE14}.Release|Any CPU.Build.0 = Release|Any CPU
		{D1D25C7E-0C49-4231-82DA-D6F626EBA632}.Debug|Any CPU.ActiveCfg = Debug|Any CPU
		{D1D25C7E-0C49-4231-82DA-D6F626EBA632}.Debug|Any CPU.Build.0 = Debug|Any CPU
		{D1D25C7E-0C49-4231-82DA-D6F626EBA632}.Release|Any CPU.ActiveCfg = Release|Any CPU
		{D1D25C7E-0C49-4231-82DA-D6F626EBA632}.Release|Any CPU.Build.0 = Release|Any CPU
	EndGlobalSection
	GlobalSection(SolutionProperties) = preSolution
		HideSolutionNode = FALSE
	EndGlobalSection
	GlobalSection(ExtensibilityGlobals) = postSolution
		SolutionGuid = {B3F9229D-05C1-4197-98C4-BF2CECD3A7A3}
	EndGlobalSection
EndGlobal
